{
	"originHash" : "c9ee23af7cb35fd5d2efd6525dec1a15feb3af65dcb16a39583cb520ddffdf45",
	"pins" : [
		{
			"identity" : "swift-argument-parser",
			"kind" : "remoteSourceControl",
			"location" : "https://github.com/apple/swift-argument-parser.git",
			"state" : {
				"revision" : "46989693916f56d1186bd59ac15124caef896560",
				"version" : "1.3.1"
			}
		}
	],
	"version" : 3
}
